// !$*UTF8*$!
{
	archiveVersion = 1;
	classes = {
	};
	objectVersion = 50;
	objects = {

/* Begin PBXBuildFile section */
		F80A9C5D275E611D00C1C8F9 /* MachineConnectingVC.swift in Sources */ = {isa = PBXBuildFile; fileRef = F80A9C5B275E611D00C1C8F9 /* MachineConnectingVC.swift */; };
		F80A9C5E275E611D00C1C8F9 /* MachineConnectingVC.xib in Resources */ = {isa = PBXBuildFile; fileRef = F80A9C5C275E611D00C1C8F9 /* MachineConnectingVC.xib */; };
		F8394957275DFE5B00E810E4 /* AppDelegate.swift in Sources */ = {isa = PBXBuildFile; fileRef = F8394956275DFE5B00E810E4 /* AppDelegate.swift */; };
		F8394959275DFE5B00E810E4 /* SceneDelegate.swift in Sources */ = {isa = PBXBuildFile; fileRef = F8394958275DFE5B00E810E4 /* SceneDelegate.swift */; };
		F8394960275DFE5C00E810E4 /* Assets.xcassets in Resources */ = {isa = PBXBuildFile; fileRef = F839495F275DFE5C00E810E4 /* Assets.xcassets */; };
		F8394963275DFE5C00E810E4 /* LaunchScreen.storyboard in Resources */ = {isa = PBXBuildFile; fileRef = F8394961275DFE5C00E810E4 /* LaunchScreen.storyboard */; };
		F83E932E275F7FEA0054E2F9 /* DrinkService.swift in Sources */ = {isa = PBXBuildFile; fileRef = F83E932D275F7FEA0054E2F9 /* DrinkService.swift */; };
		F83E9330275F801B0054E2F9 /* DrinkServiceDelegate.swift in Sources */ = {isa = PBXBuildFile; fileRef = F83E932F275F801B0054E2F9 /* DrinkServiceDelegate.swift */; };
		F83E9332275F805B0054E2F9 /* DrinkMenu.swift in Sources */ = {isa = PBXBuildFile; fileRef = F83E9331275F805B0054E2F9 /* DrinkMenu.swift */; };
		F83E9334275F80B80054E2F9 /* DarkRoastedBeansRemoteService.swift in Sources */ = {isa = PBXBuildFile; fileRef = F83E9333275F80B80054E2F9 /* DarkRoastedBeansRemoteService.swift */; };
		F83E9340275F8F350054E2F9 /* Drink.swift in Sources */ = {isa = PBXBuildFile; fileRef = F83E933F275F8F350054E2F9 /* Drink.swift */; };
		F83E934A275FAF1F0054E2F9 /* BrewingMachineDelegate.swift in Sources */ = {isa = PBXBuildFile; fileRef = F83E9349275FAF1F0054E2F9 /* BrewingMachineDelegate.swift */; };
		F83E934C275FB3550054E2F9 /* BrewingMachineAdapter.swift in Sources */ = {isa = PBXBuildFile; fileRef = F83E934B275FB3550054E2F9 /* BrewingMachineAdapter.swift */; };
		F83E934D275FB3680054E2F9 /* DrinkService.framework in Frameworks */ = {isa = PBXBuildFile; fileRef = F881F28D275F61F800CED5D9 /* DrinkService.framework */; };
		F8532F71275E6F4200C7FA17 /* MachineConnectingVCViewModel.swift in Sources */ = {isa = PBXBuildFile; fileRef = F8532F70275E6F4200C7FA17 /* MachineConnectingVCViewModel.swift */; };
		F8532F75275E863000C7FA17 /* BrewingMachine.swift in Sources */ = {isa = PBXBuildFile; fileRef = F8532F74275E863000C7FA17 /* BrewingMachine.swift */; };
		F8532F79275E867A00C7FA17 /* DummyMachine.swift in Sources */ = {isa = PBXBuildFile; fileRef = F8532F78275E867A00C7FA17 /* DummyMachine.swift */; };
		F873317D27673A9900A3D027 /* CheckingItemContentView.swift in Sources */ = {isa = PBXBuildFile; fileRef = F873317C27673A9900A3D027 /* CheckingItemContentView.swift */; };
		F873317F27673AA300A3D027 /* CheckingItemContentView.xib in Resources */ = {isa = PBXBuildFile; fileRef = F873317E27673AA300A3D027 /* CheckingItemContentView.xib */; };
		F873318127673AD600A3D027 /* CheckingItemConfiguration.swift in Sources */ = {isa = PBXBuildFile; fileRef = F873318027673AD600A3D027 /* CheckingItemConfiguration.swift */; };
		F87F27232760992B00841439 /* ItemListCell.swift in Sources */ = {isa = PBXBuildFile; fileRef = F87F27212760992B00841439 /* ItemListCell.swift */; };
		F87F27242760992B00841439 /* ItemListCell.xib in Resources */ = {isa = PBXBuildFile; fileRef = F87F27222760992B00841439 /* ItemListCell.xib */; };
		F8815FFB275E009500ACE375 /* ItemListVC.swift in Sources */ = {isa = PBXBuildFile; fileRef = F8815FF9275E009500ACE375 /* ItemListVC.swift */; };
		F8815FFC275E009500ACE375 /* ItemListVC.xib in Resources */ = {isa = PBXBuildFile; fileRef = F8815FFA275E009500ACE375 /* ItemListVC.xib */; };
		F8815FFF275E05DF00ACE375 /* ItemViewModel.swift in Sources */ = {isa = PBXBuildFile; fileRef = F8815FFE275E05DF00ACE375 /* ItemViewModel.swift */; };
		F8816001275E07F200ACE375 /* DrinkBrewingFlow.swift in Sources */ = {isa = PBXBuildFile; fileRef = F8816000275E07F200ACE375 /* DrinkBrewingFlow.swift */; };
		F88541B62766274D00278F7C /* ItemContentView.swift in Sources */ = {isa = PBXBuildFile; fileRef = F88541B52766274D00278F7C /* ItemContentView.swift */; };
		F88541B82766275800278F7C /* ItemContentView.xib in Resources */ = {isa = PBXBuildFile; fileRef = F88541B72766275800278F7C /* ItemContentView.xib */; };
		F88541BA27662C6C00278F7C /* NewItemListCell.swift in Sources */ = {isa = PBXBuildFile; fileRef = F88541B927662C6C00278F7C /* NewItemListCell.swift */; };
		F88541BC2766335100278F7C /* ItemContentConfiguration.swift in Sources */ = {isa = PBXBuildFile; fileRef = F88541BB2766335100278F7C /* ItemContentConfiguration.swift */; };
		F88541C4276636A700278F7C /* ItemExpandedContentConfiguration.swift in Sources */ = {isa = PBXBuildFile; fileRef = F88541C3276636A700278F7C /* ItemExpandedContentConfiguration.swift */; };
		F88541C627664AA600278F7C /* ItemExpandedContentView.swift in Sources */ = {isa = PBXBuildFile; fileRef = F88541C527664AA600278F7C /* ItemExpandedContentView.swift */; };
		F88541C827664B7200278F7C /* TableContentView.swift in Sources */ = {isa = PBXBuildFile; fileRef = F88541C727664B7200278F7C /* TableContentView.swift */; };
		F88541CA27664B8400278F7C /* TableContentView.xib in Resources */ = {isa = PBXBuildFile; fileRef = F88541C927664B8400278F7C /* TableContentView.xib */; };
		F88541CC27664B8D00278F7C /* TableContentViewConfiguration.swift in Sources */ = {isa = PBXBuildFile; fileRef = F88541CB27664B8D00278F7C /* TableContentViewConfiguration.swift */; };
		F8BAC28527620C8D00A551D7 /* ExtraOptionCell.swift in Sources */ = {isa = PBXBuildFile; fileRef = F8BAC28327620C8D00A551D7 /* ExtraOptionCell.swift */; };
		F8BAC28627620C8D00A551D7 /* ExtraOptionCell.xib in Resources */ = {isa = PBXBuildFile; fileRef = F8BAC28427620C8D00A551D7 /* ExtraOptionCell.xib */; };
		F8C4ADE1275F4B9600F8E67B /* BrewButtonVC.swift in Sources */ = {isa = PBXBuildFile; fileRef = F8C4ADDF275F4B9600F8E67B /* BrewButtonVC.swift */; };
/* End PBXBuildFile section */

/* Begin PBXContainerItemProxy section */
		F83E934F275FB3680054E2F9 /* PBXContainerItemProxy */ = {
			isa = PBXContainerItemProxy;
			containerPortal = F839494B275DFE5B00E810E4 /* Project object */;
			proxyType = 1;
			remoteGlobalIDString = F881F28C275F61F800CED5D9;
			remoteInfo = DrinkService;
		};
/* End PBXContainerItemProxy section */

/* Begin PBXFileReference section */
		F80A9C5B275E611D00C1C8F9 /* MachineConnectingVC.swift */ = {isa = PBXFileReference; lastKnownFileType = sourcecode.swift; path = MachineConnectingVC.swift; sourceTree = "<group>"; };
		F80A9C5C275E611D00C1C8F9 /* MachineConnectingVC.xib */ = {isa = PBXFileReference; lastKnownFileType = file.xib; path = MachineConnectingVC.xib; sourceTree = "<group>"; };
		F8394953275DFE5B00E810E4 /* DarkRoastedBeans.app */ = {isa = PBXFileReference; explicitFileType = wrapper.application; includeInIndex = 0; path = DarkRoastedBeans.app; sourceTree = BUILT_PRODUCTS_DIR; };
		F8394956275DFE5B00E810E4 /* AppDelegate.swift */ = {isa = PBXFileReference; lastKnownFileType = sourcecode.swift; path = AppDelegate.swift; sourceTree = "<group>"; };
		F8394958275DFE5B00E810E4 /* SceneDelegate.swift */ = {isa = PBXFileReference; lastKnownFileType = sourcecode.swift; path = SceneDelegate.swift; sourceTree = "<group>"; };
		F839495F275DFE5C00E810E4 /* Assets.xcassets */ = {isa = PBXFileReference; lastKnownFileType = folder.assetcatalog; path = Assets.xcassets; sourceTree = "<group>"; };
		F8394962275DFE5C00E810E4 /* Base */ = {isa = PBXFileReference; lastKnownFileType = file.storyboard; name = Base; path = Base.lproj/LaunchScreen.storyboard; sourceTree = "<group>"; };
		F8394964275DFE5C00E810E4 /* Info.plist */ = {isa = PBXFileReference; lastKnownFileType = text.plist.xml; path = Info.plist; sourceTree = "<group>"; };
		F83E932D275F7FEA0054E2F9 /* DrinkService.swift */ = {isa = PBXFileReference; lastKnownFileType = sourcecode.swift; path = DrinkService.swift; sourceTree = "<group>"; };
		F83E932F275F801B0054E2F9 /* DrinkServiceDelegate.swift */ = {isa = PBXFileReference; lastKnownFileType = sourcecode.swift; path = DrinkServiceDelegate.swift; sourceTree = "<group>"; };
		F83E9331275F805B0054E2F9 /* DrinkMenu.swift */ = {isa = PBXFileReference; lastKnownFileType = sourcecode.swift; path = DrinkMenu.swift; sourceTree = "<group>"; };
		F83E9333275F80B80054E2F9 /* DarkRoastedBeansRemoteService.swift */ = {isa = PBXFileReference; lastKnownFileType = sourcecode.swift; path = DarkRoastedBeansRemoteService.swift; sourceTree = "<group>"; };
		F83E933F275F8F350054E2F9 /* Drink.swift */ = {isa = PBXFileReference; lastKnownFileType = sourcecode.swift; path = Drink.swift; sourceTree = "<group>"; };
		F83E9349275FAF1F0054E2F9 /* BrewingMachineDelegate.swift */ = {isa = PBXFileReference; lastKnownFileType = sourcecode.swift; path = BrewingMachineDelegate.swift; sourceTree = "<group>"; };
		F83E934B275FB3550054E2F9 /* BrewingMachineAdapter.swift */ = {isa = PBXFileReference; lastKnownFileType = sourcecode.swift; path = BrewingMachineAdapter.swift; sourceTree = "<group>"; };
		F8532F70275E6F4200C7FA17 /* MachineConnectingVCViewModel.swift */ = {isa = PBXFileReference; lastKnownFileType = sourcecode.swift; path = MachineConnectingVCViewModel.swift; sourceTree = "<group>"; };
		F8532F74275E863000C7FA17 /* BrewingMachine.swift */ = {isa = PBXFileReference; lastKnownFileType = sourcecode.swift; path = BrewingMachine.swift; sourceTree = "<group>"; };
		F8532F78275E867A00C7FA17 /* DummyMachine.swift */ = {isa = PBXFileReference; lastKnownFileType = sourcecode.swift; path = DummyMachine.swift; sourceTree = "<group>"; };
		F873317C27673A9900A3D027 /* CheckingItemContentView.swift */ = {isa = PBXFileReference; lastKnownFileType = sourcecode.swift; path = CheckingItemContentView.swift; sourceTree = "<group>"; };
		F873317E27673AA300A3D027 /* CheckingItemContentView.xib */ = {isa = PBXFileReference; lastKnownFileType = file.xib; path = CheckingItemContentView.xib; sourceTree = "<group>"; };
		F873318027673AD600A3D027 /* CheckingItemConfiguration.swift */ = {isa = PBXFileReference; lastKnownFileType = sourcecode.swift; path = CheckingItemConfiguration.swift; sourceTree = "<group>"; };
		F87F27212760992B00841439 /* ItemListCell.swift */ = {isa = PBXFileReference; lastKnownFileType = sourcecode.swift; path = ItemListCell.swift; sourceTree = "<group>"; };
		F87F27222760992B00841439 /* ItemListCell.xib */ = {isa = PBXFileReference; lastKnownFileType = file.xib; path = ItemListCell.xib; sourceTree = "<group>"; };
		F8815FF9275E009500ACE375 /* ItemListVC.swift */ = {isa = PBXFileReference; lastKnownFileType = sourcecode.swift; path = ItemListVC.swift; sourceTree = "<group>"; };
		F8815FFA275E009500ACE375 /* ItemListVC.xib */ = {isa = PBXFileReference; lastKnownFileType = file.xib; path = ItemListVC.xib; sourceTree = "<group>"; };
		F8815FFE275E05DF00ACE375 /* ItemViewModel.swift */ = {isa = PBXFileReference; lastKnownFileType = sourcecode.swift; path = ItemViewModel.swift; sourceTree = "<group>"; };
		F8816000275E07F200ACE375 /* DrinkBrewingFlow.swift */ = {isa = PBXFileReference; lastKnownFileType = sourcecode.swift; path = DrinkBrewingFlow.swift; sourceTree = "<group>"; };
		F881F28D275F61F800CED5D9 /* DrinkService.framework */ = {isa = PBXFileReference; explicitFileType = wrapper.framework; includeInIndex = 0; path = DrinkService.framework; sourceTree = BUILT_PRODUCTS_DIR; };
		F881F290275F61F800CED5D9 /* Info.plist */ = {isa = PBXFileReference; lastKnownFileType = text.plist.xml; path = Info.plist; sourceTree = "<group>"; };
		F88541B52766274D00278F7C /* ItemContentView.swift */ = {isa = PBXFileReference; lastKnownFileType = sourcecode.swift; path = ItemContentView.swift; sourceTree = "<group>"; };
		F88541B72766275800278F7C /* ItemContentView.xib */ = {isa = PBXFileReference; lastKnownFileType = file.xib; path = ItemContentView.xib; sourceTree = "<group>"; };
		F88541B927662C6C00278F7C /* NewItemListCell.swift */ = {isa = PBXFileReference; lastKnownFileType = sourcecode.swift; path = NewItemListCell.swift; sourceTree = "<group>"; };
		F88541BB2766335100278F7C /* ItemContentConfiguration.swift */ = {isa = PBXFileReference; lastKnownFileType = sourcecode.swift; path = ItemContentConfiguration.swift; sourceTree = "<group>"; };
		F88541C3276636A700278F7C /* ItemExpandedContentConfiguration.swift */ = {isa = PBXFileReference; lastKnownFileType = sourcecode.swift; path = ItemExpandedContentConfiguration.swift; sourceTree = "<group>"; };
		F88541C527664AA600278F7C /* ItemExpandedContentView.swift */ = {isa = PBXFileReference; lastKnownFileType = sourcecode.swift; path = ItemExpandedContentView.swift; sourceTree = "<group>"; };
		F88541C727664B7200278F7C /* TableContentView.swift */ = {isa = PBXFileReference; lastKnownFileType = sourcecode.swift; path = TableContentView.swift; sourceTree = "<group>"; };
		F88541C927664B8400278F7C /* TableContentView.xib */ = {isa = PBXFileReference; lastKnownFileType = file.xib; path = TableContentView.xib; sourceTree = "<group>"; };
		F88541CB27664B8D00278F7C /* TableContentViewConfiguration.swift */ = {isa = PBXFileReference; lastKnownFileType = sourcecode.swift; path = TableContentViewConfiguration.swift; sourceTree = "<group>"; };
		F8BAC28327620C8D00A551D7 /* ExtraOptionCell.swift */ = {isa = PBXFileReference; lastKnownFileType = sourcecode.swift; path = ExtraOptionCell.swift; sourceTree = "<group>"; };
		F8BAC28427620C8D00A551D7 /* ExtraOptionCell.xib */ = {isa = PBXFileReference; lastKnownFileType = file.xib; path = ExtraOptionCell.xib; sourceTree = "<group>"; };
		F8C4ADDF275F4B9600F8E67B /* BrewButtonVC.swift */ = {isa = PBXFileReference; lastKnownFileType = sourcecode.swift; path = BrewButtonVC.swift; sourceTree = "<group>"; };
/* End PBXFileReference section */

/* Begin PBXFrameworksBuildPhase section */
		F8394950275DFE5B00E810E4 /* Frameworks */ = {
			isa = PBXFrameworksBuildPhase;
			buildActionMask = 2147483647;
			files = (
				F83E934D275FB3680054E2F9 /* DrinkService.framework in Frameworks */,
			);
			runOnlyForDeploymentPostprocessing = 0;
		};
		F881F28A275F61F800CED5D9 /* Frameworks */ = {
			isa = PBXFrameworksBuildPhase;
			buildActionMask = 2147483647;
			files = (
			);
			runOnlyForDeploymentPostprocessing = 0;
		};
/* End PBXFrameworksBuildPhase section */

/* Begin PBXGroup section */
		F839494A275DFE5B00E810E4 = {
			isa = PBXGroup;
			children = (
				F8394955275DFE5B00E810E4 /* DarkRoastedBeans */,
				F881F28E275F61F800CED5D9 /* DrinkService */,
				F8394954275DFE5B00E810E4 /* Products */,
				F83E9343275F92290054E2F9 /* Frameworks */,
			);
			sourceTree = "<group>";
		};
		F8394954275DFE5B00E810E4 /* Products */ = {
			isa = PBXGroup;
			children = (
				F8394953275DFE5B00E810E4 /* DarkRoastedBeans.app */,
				F881F28D275F61F800CED5D9 /* DrinkService.framework */,
			);
			name = Products;
			sourceTree = "<group>";
		};
		F8394955275DFE5B00E810E4 /* DarkRoastedBeans */ = {
			isa = PBXGroup;
			children = (
				F8816002275E07FA00ACE375 /* Navigation */,
				F8815FFD275E009D00ACE375 /* UI */,
				F8532F77275E865D00C7FA17 /* Main */,
				F839495F275DFE5C00E810E4 /* Assets.xcassets */,
				F8394961275DFE5C00E810E4 /* LaunchScreen.storyboard */,
				F8394964275DFE5C00E810E4 /* Info.plist */,
			);
			path = DarkRoastedBeans;
			sourceTree = "<group>";
		};
		F83E9343275F92290054E2F9 /* Frameworks */ = {
			isa = PBXGroup;
			children = (
			);
			name = Frameworks;
			sourceTree = "<group>";
		};
		F8532F76275E864700C7FA17 /* BrewingMachine */ = {
			isa = PBXGroup;
			children = (
				F8532F74275E863000C7FA17 /* BrewingMachine.swift */,
				F83E9349275FAF1F0054E2F9 /* BrewingMachineDelegate.swift */,
				F83E933F275F8F350054E2F9 /* Drink.swift */,
			);
			path = BrewingMachine;
			sourceTree = "<group>";
		};
		F8532F77275E865D00C7FA17 /* Main */ = {
			isa = PBXGroup;
			children = (
				F83E934B275FB3550054E2F9 /* BrewingMachineAdapter.swift */,
				F8532F78275E867A00C7FA17 /* DummyMachine.swift */,
				F8394956275DFE5B00E810E4 /* AppDelegate.swift */,
				F8394958275DFE5B00E810E4 /* SceneDelegate.swift */,
			);
			path = Main;
			sourceTree = "<group>";
		};
		F8815FFD275E009D00ACE375 /* UI */ = {
			isa = PBXGroup;
			children = (
				F8532F76275E864700C7FA17 /* BrewingMachine */,
				F8532F70275E6F4200C7FA17 /* MachineConnectingVCViewModel.swift */,
				F80A9C5B275E611D00C1C8F9 /* MachineConnectingVC.swift */,
				F80A9C5C275E611D00C1C8F9 /* MachineConnectingVC.xib */,
				F8815FFE275E05DF00ACE375 /* ItemViewModel.swift */,
				F8815FF9275E009500ACE375 /* ItemListVC.swift */,
				F8815FFA275E009500ACE375 /* ItemListVC.xib */,
				F87F27212760992B00841439 /* ItemListCell.swift */,
				F87F27222760992B00841439 /* ItemListCell.xib */,
				F88541BB2766335100278F7C /* ItemContentConfiguration.swift */,
				F88541B52766274D00278F7C /* ItemContentView.swift */,
				F88541B72766275800278F7C /* ItemContentView.xib */,
				F88541C3276636A700278F7C /* ItemExpandedContentConfiguration.swift */,
				F88541C527664AA600278F7C /* ItemExpandedContentView.swift */,
				F88541CB27664B8D00278F7C /* TableContentViewConfiguration.swift */,
				F88541C727664B7200278F7C /* TableContentView.swift */,
				F88541C927664B8400278F7C /* TableContentView.xib */,
				F873318027673AD600A3D027 /* CheckingItemConfiguration.swift */,
				F873317C27673A9900A3D027 /* CheckingItemContentView.swift */,
				F873317E27673AA300A3D027 /* CheckingItemContentView.xib */,
				F88541B927662C6C00278F7C /* NewItemListCell.swift */,
				F8BAC28327620C8D00A551D7 /* ExtraOptionCell.swift */,
				F8BAC28427620C8D00A551D7 /* ExtraOptionCell.xib */,
				F8C4ADDF275F4B9600F8E67B /* BrewButtonVC.swift */,
			);
			path = UI;
			sourceTree = "<group>";
		};
		F8816002275E07FA00ACE375 /* Navigation */ = {
			isa = PBXGroup;
			children = (
				F8816000275E07F200ACE375 /* DrinkBrewingFlow.swift */,
			);
			path = Navigation;
			sourceTree = "<group>";
		};
		F881F28E275F61F800CED5D9 /* DrinkService */ = {
			isa = PBXGroup;
			children = (
				F83E932D275F7FEA0054E2F9 /* DrinkService.swift */,
				F83E932F275F801B0054E2F9 /* DrinkServiceDelegate.swift */,
				F83E9331275F805B0054E2F9 /* DrinkMenu.swift */,
				F83E9333275F80B80054E2F9 /* DarkRoastedBeansRemoteService.swift */,
				F881F290275F61F800CED5D9 /* Info.plist */,
			);
			path = DrinkService;
			sourceTree = "<group>";
		};
/* End PBXGroup section */

/* Begin PBXHeadersBuildPhase section */
		F881F288275F61F800CED5D9 /* Headers */ = {
			isa = PBXHeadersBuildPhase;
			buildActionMask = 2147483647;
			files = (
			);
			runOnlyForDeploymentPostprocessing = 0;
		};
/* End PBXHeadersBuildPhase section */

/* Begin PBXNativeTarget section */
		F8394952275DFE5B00E810E4 /* DarkRoastedBeans */ = {
			isa = PBXNativeTarget;
			buildConfigurationList = F8394967275DFE5C00E810E4 /* Build configuration list for PBXNativeTarget "DarkRoastedBeans" */;
			buildPhases = (
				F839494F275DFE5B00E810E4 /* Sources */,
				F8394950275DFE5B00E810E4 /* Frameworks */,
				F8394951275DFE5B00E810E4 /* Resources */,
			);
			buildRules = (
			);
			dependencies = (
				F83E9350275FB3680054E2F9 /* PBXTargetDependency */,
			);
			name = DarkRoastedBeans;
			productName = DarkRoastedBeans;
			productReference = F8394953275DFE5B00E810E4 /* DarkRoastedBeans.app */;
			productType = "com.apple.product-type.application";
		};
		F881F28C275F61F800CED5D9 /* DrinkService */ = {
			isa = PBXNativeTarget;
			buildConfigurationList = F881F294275F61F800CED5D9 /* Build configuration list for PBXNativeTarget "DrinkService" */;
			buildPhases = (
				F881F288275F61F800CED5D9 /* Headers */,
				F881F289275F61F800CED5D9 /* Sources */,
				F881F28A275F61F800CED5D9 /* Frameworks */,
				F881F28B275F61F800CED5D9 /* Resources */,
			);
			buildRules = (
			);
			dependencies = (
			);
			name = DrinkService;
			productName = DrinkService;
			productReference = F881F28D275F61F800CED5D9 /* DrinkService.framework */;
			productType = "com.apple.product-type.framework";
		};
/* End PBXNativeTarget section */

/* Begin PBXProject section */
		F839494B275DFE5B00E810E4 /* Project object */ = {
			isa = PBXProject;
			attributes = {
				LastSwiftUpdateCheck = 1250;
				LastUpgradeCheck = 1250;
				TargetAttributes = {
					F8394952275DFE5B00E810E4 = {
						CreatedOnToolsVersion = 12.5.1;
					};
					F881F28C275F61F800CED5D9 = {
						CreatedOnToolsVersion = 12.5.1;
						LastSwiftMigration = 1250;
					};
				};
			};
			buildConfigurationList = F839494E275DFE5B00E810E4 /* Build configuration list for PBXProject "DarkRoastedBeans" */;
			compatibilityVersion = "Xcode 9.3";
			developmentRegion = en;
			hasScannedForEncodings = 0;
			knownRegions = (
				en,
				Base,
			);
			mainGroup = F839494A275DFE5B00E810E4;
			productRefGroup = F8394954275DFE5B00E810E4 /* Products */;
			projectDirPath = "";
			projectRoot = "";
			targets = (
				F8394952275DFE5B00E810E4 /* DarkRoastedBeans */,
				F881F28C275F61F800CED5D9 /* DrinkService */,
			);
		};
/* End PBXProject section */

/* Begin PBXResourcesBuildPhase section */
		F8394951275DFE5B00E810E4 /* Resources */ = {
			isa = PBXResourcesBuildPhase;
			buildActionMask = 2147483647;
			files = (
				F80A9C5E275E611D00C1C8F9 /* MachineConnectingVC.xib in Resources */,
				F8394963275DFE5C00E810E4 /* LaunchScreen.storyboard in Resources */,
				F873317F27673AA300A3D027 /* CheckingItemContentView.xib in Resources */,
				F8815FFC275E009500ACE375 /* ItemListVC.xib in Resources */,
				F88541CA27664B8400278F7C /* TableContentView.xib in Resources */,
				F8BAC28627620C8D00A551D7 /* ExtraOptionCell.xib in Resources */,
				F87F27242760992B00841439 /* ItemListCell.xib in Resources */,
				F8394960275DFE5C00E810E4 /* Assets.xcassets in Resources */,
				F88541B82766275800278F7C /* ItemContentView.xib in Resources */,
			);
			runOnlyForDeploymentPostprocessing = 0;
		};
		F881F28B275F61F800CED5D9 /* Resources */ = {
			isa = PBXResourcesBuildPhase;
			buildActionMask = 2147483647;
			files = (
			);
			runOnlyForDeploymentPostprocessing = 0;
		};
/* End PBXResourcesBuildPhase section */

/* Begin PBXSourcesBuildPhase section */
		F839494F275DFE5B00E810E4 /* Sources */ = {
			isa = PBXSourcesBuildPhase;
			buildActionMask = 2147483647;
			files = (
				F873317D27673A9900A3D027 /* CheckingItemContentView.swift in Sources */,
				F8394957275DFE5B00E810E4 /* AppDelegate.swift in Sources */,
				F83E934A275FAF1F0054E2F9 /* BrewingMachineDelegate.swift in Sources */,
				F88541C627664AA600278F7C /* ItemExpandedContentView.swift in Sources */,
				F8815FFF275E05DF00ACE375 /* ItemViewModel.swift in Sources */,
				F88541C4276636A700278F7C /* ItemExpandedContentConfiguration.swift in Sources */,
				F88541BC2766335100278F7C /* ItemContentConfiguration.swift in Sources */,
				F8BAC28527620C8D00A551D7 /* ExtraOptionCell.swift in Sources */,
				F80A9C5D275E611D00C1C8F9 /* MachineConnectingVC.swift in Sources */,
				F88541B62766274D00278F7C /* ItemContentView.swift in Sources */,
				F88541BA27662C6C00278F7C /* NewItemListCell.swift in Sources */,
				F83E934C275FB3550054E2F9 /* BrewingMachineAdapter.swift in Sources */,
				F88541C827664B7200278F7C /* TableContentView.swift in Sources */,
				F8815FFB275E009500ACE375 /* ItemListVC.swift in Sources */,
				F87F27232760992B00841439 /* ItemListCell.swift in Sources */,
				F8532F75275E863000C7FA17 /* BrewingMachine.swift in Sources */,
				F8394959275DFE5B00E810E4 /* SceneDelegate.swift in Sources */,
				F8816001275E07F200ACE375 /* DrinkBrewingFlow.swift in Sources */,
				F8532F79275E867A00C7FA17 /* DummyMachine.swift in Sources */,
				F88541CC27664B8D00278F7C /* TableContentViewConfiguration.swift in Sources */,
				F8532F71275E6F4200C7FA17 /* MachineConnectingVCViewModel.swift in Sources */,
				F873318127673AD600A3D027 /* CheckingItemConfiguration.swift in Sources */,
				F83E9340275F8F350054E2F9 /* Drink.swift in Sources */,
				F8C4ADE1275F4B9600F8E67B /* BrewButtonVC.swift in Sources */,
			);
			runOnlyForDeploymentPostprocessing = 0;
		};
		F881F289275F61F800CED5D9 /* Sources */ = {
			isa = PBXSourcesBuildPhase;
			buildActionMask = 2147483647;
			files = (
				F83E9334275F80B80054E2F9 /* DarkRoastedBeansRemoteService.swift in Sources */,
				F83E932E275F7FEA0054E2F9 /* DrinkService.swift in Sources */,
				F83E9330275F801B0054E2F9 /* DrinkServiceDelegate.swift in Sources */,
				F83E9332275F805B0054E2F9 /* DrinkMenu.swift in Sources */,
			);
			runOnlyForDeploymentPostprocessing = 0;
		};
/* End PBXSourcesBuildPhase section */

/* Begin PBXTargetDependency section */
		F83E9350275FB3680054E2F9 /* PBXTargetDependency */ = {
			isa = PBXTargetDependency;
			target = F881F28C275F61F800CED5D9 /* DrinkService */;
			targetProxy = F83E934F275FB3680054E2F9 /* PBXContainerItemProxy */;
		};
/* End PBXTargetDependency section */

/* Begin PBXVariantGroup section */
		F8394961275DFE5C00E810E4 /* LaunchScreen.storyboard */ = {
			isa = PBXVariantGroup;
			children = (
				F8394962275DFE5C00E810E4 /* Base */,
			);
			name = LaunchScreen.storyboard;
			sourceTree = "<group>";
		};
/* End PBXVariantGroup section */

/* Begin XCBuildConfiguration section */
		F8394965275DFE5C00E810E4 /* Debug */ = {
			isa = XCBuildConfiguration;
			buildSettings = {
				ALWAYS_SEARCH_USER_PATHS = NO;
				CLANG_ANALYZER_NONNULL = YES;
				CLANG_ANALYZER_NUMBER_OBJECT_CONVERSION = YES_AGGRESSIVE;
				CLANG_CXX_LANGUAGE_STANDARD = "gnu++14";
				CLANG_CXX_LIBRARY = "libc++";
				CLANG_ENABLE_MODULES = YES;
				CLANG_ENABLE_OBJC_ARC = YES;
				CLANG_ENABLE_OBJC_WEAK = YES;
				CLANG_WARN_BLOCK_CAPTURE_AUTORELEASING = YES;
				CLANG_WARN_BOOL_CONVERSION = YES;
				CLANG_WARN_COMMA = YES;
				CLANG_WARN_CONSTANT_CONVERSION = YES;
				CLANG_WARN_DEPRECATED_OBJC_IMPLEMENTATIONS = YES;
				CLANG_WARN_DIRECT_OBJC_ISA_USAGE = YES_ERROR;
				CLANG_WARN_DOCUMENTATION_COMMENTS = YES;
				CLANG_WARN_EMPTY_BODY = YES;
				CLANG_WARN_ENUM_CONVERSION = YES;
				CLANG_WARN_INFINITE_RECURSION = YES;
				CLANG_WARN_INT_CONVERSION = YES;
				CLANG_WARN_NON_LITERAL_NULL_CONVERSION = YES;
				CLANG_WARN_OBJC_IMPLICIT_RETAIN_SELF = YES;
				CLANG_WARN_OBJC_LITERAL_CONVERSION = YES;
				CLANG_WARN_OBJC_ROOT_CLASS = YES_ERROR;
				CLANG_WARN_QUOTED_INCLUDE_IN_FRAMEWORK_HEADER = YES;
				CLANG_WARN_RANGE_LOOP_ANALYSIS = YES;
				CLANG_WARN_STRICT_PROTOTYPES = YES;
				CLANG_WARN_SUSPICIOUS_MOVE = YES;
				CLANG_WARN_UNGUARDED_AVAILABILITY = YES_AGGRESSIVE;
				CLANG_WARN_UNREACHABLE_CODE = YES;
				CLANG_WARN__DUPLICATE_METHOD_MATCH = YES;
				COPY_PHASE_STRIP = NO;
				DEBUG_INFORMATION_FORMAT = dwarf;
				ENABLE_STRICT_OBJC_MSGSEND = YES;
				ENABLE_TESTABILITY = YES;
				GCC_C_LANGUAGE_STANDARD = gnu11;
				GCC_DYNAMIC_NO_PIC = NO;
				GCC_NO_COMMON_BLOCKS = YES;
				GCC_OPTIMIZATION_LEVEL = 0;
				GCC_PREPROCESSOR_DEFINITIONS = (
					"DEBUG=1",
					"$(inherited)",
				);
				GCC_WARN_64_TO_32_BIT_CONVERSION = YES;
				GCC_WARN_ABOUT_RETURN_TYPE = YES_ERROR;
				GCC_WARN_UNDECLARED_SELECTOR = YES;
				GCC_WARN_UNINITIALIZED_AUTOS = YES_AGGRESSIVE;
				GCC_WARN_UNUSED_FUNCTION = YES;
				GCC_WARN_UNUSED_VARIABLE = YES;
				IPHONEOS_DEPLOYMENT_TARGET = 14.5;
				MTL_ENABLE_DEBUG_INFO = INCLUDE_SOURCE;
				MTL_FAST_MATH = YES;
				ONLY_ACTIVE_ARCH = YES;
				SDKROOT = iphoneos;
				SWIFT_ACTIVE_COMPILATION_CONDITIONS = DEBUG;
				SWIFT_OPTIMIZATION_LEVEL = "-Onone";
			};
			name = Debug;
		};
		F8394966275DFE5C00E810E4 /* Release */ = {
			isa = XCBuildConfiguration;
			buildSettings = {
				ALWAYS_SEARCH_USER_PATHS = NO;
				CLANG_ANALYZER_NONNULL = YES;
				CLANG_ANALYZER_NUMBER_OBJECT_CONVERSION = YES_AGGRESSIVE;
				CLANG_CXX_LANGUAGE_STANDARD = "gnu++14";
				CLANG_CXX_LIBRARY = "libc++";
				CLANG_ENABLE_MODULES = YES;
				CLANG_ENABLE_OBJC_ARC = YES;
				CLANG_ENABLE_OBJC_WEAK = YES;
				CLANG_WARN_BLOCK_CAPTURE_AUTORELEASING = YES;
				CLANG_WARN_BOOL_CONVERSION = YES;
				CLANG_WARN_COMMA = YES;
				CLANG_WARN_CONSTANT_CONVERSION = YES;
				CLANG_WARN_DEPRECATED_OBJC_IMPLEMENTATIONS = YES;
				CLANG_WARN_DIRECT_OBJC_ISA_USAGE = YES_ERROR;
				CLANG_WARN_DOCUMENTATION_COMMENTS = YES;
				CLANG_WARN_EMPTY_BODY = YES;
				CLANG_WARN_ENUM_CONVERSION = YES;
				CLANG_WARN_INFINITE_RECURSION = YES;
				CLANG_WARN_INT_CONVERSION = YES;
				CLANG_WARN_NON_LITERAL_NULL_CONVERSION = YES;
				CLANG_WARN_OBJC_IMPLICIT_RETAIN_SELF = YES;
				CLANG_WARN_OBJC_LITERAL_CONVERSION = YES;
				CLANG_WARN_OBJC_ROOT_CLASS = YES_ERROR;
				CLANG_WARN_QUOTED_INCLUDE_IN_FRAMEWORK_HEADER = YES;
				CLANG_WARN_RANGE_LOOP_ANALYSIS = YES;
				CLANG_WARN_STRICT_PROTOTYPES = YES;
				CLANG_WARN_SUSPICIOUS_MOVE = YES;
				CLANG_WARN_UNGUARDED_AVAILABILITY = YES_AGGRESSIVE;
				CLANG_WARN_UNREACHABLE_CODE = YES;
				CLANG_WARN__DUPLICATE_METHOD_MATCH = YES;
				COPY_PHASE_STRIP = NO;
				DEBUG_INFORMATION_FORMAT = "dwarf-with-dsym";
				ENABLE_NS_ASSERTIONS = NO;
				ENABLE_STRICT_OBJC_MSGSEND = YES;
				GCC_C_LANGUAGE_STANDARD = gnu11;
				GCC_NO_COMMON_BLOCKS = YES;
				GCC_WARN_64_TO_32_BIT_CONVERSION = YES;
				GCC_WARN_ABOUT_RETURN_TYPE = YES_ERROR;
				GCC_WARN_UNDECLARED_SELECTOR = YES;
				GCC_WARN_UNINITIALIZED_AUTOS = YES_AGGRESSIVE;
				GCC_WARN_UNUSED_FUNCTION = YES;
				GCC_WARN_UNUSED_VARIABLE = YES;
				IPHONEOS_DEPLOYMENT_TARGET = 14.5;
				MTL_ENABLE_DEBUG_INFO = NO;
				MTL_FAST_MATH = YES;
				SDKROOT = iphoneos;
				SWIFT_COMPILATION_MODE = wholemodule;
				SWIFT_OPTIMIZATION_LEVEL = "-O";
				VALIDATE_PRODUCT = YES;
			};
			name = Release;
		};
		F8394968275DFE5C00E810E4 /* Debug */ = {
			isa = XCBuildConfiguration;
			buildSettings = {
				ASSETCATALOG_COMPILER_APPICON_NAME = AppIcon;
				ASSETCATALOG_COMPILER_GLOBAL_ACCENT_COLOR_NAME = AccentColor;
				CODE_SIGN_STYLE = Automatic;
				INFOPLIST_FILE = DarkRoastedBeans/Info.plist;
				LD_RUNPATH_SEARCH_PATHS = (
					"$(inherited)",
					"@executable_path/Frameworks",
				);
				PRODUCT_BUNDLE_IDENTIFIER = com.manbehindnickname.DarkRoastedBeans;
				PRODUCT_NAME = "$(TARGET_NAME)";
				SWIFT_VERSION = 5.0;
				TARGETED_DEVICE_FAMILY = "1,2";
			};
			name = Debug;
		};
		F8394969275DFE5C00E810E4 /* Release */ = {
			isa = XCBuildConfiguration;
			buildSettings = {
				ASSETCATALOG_COMPILER_APPICON_NAME = AppIcon;
				ASSETCATALOG_COMPILER_GLOBAL_ACCENT_COLOR_NAME = AccentColor;
				CODE_SIGN_STYLE = Automatic;
				INFOPLIST_FILE = DarkRoastedBeans/Info.plist;
				LD_RUNPATH_SEARCH_PATHS = (
					"$(inherited)",
					"@executable_path/Frameworks",
				);
				PRODUCT_BUNDLE_IDENTIFIER = com.manbehindnickname.DarkRoastedBeans;
				PRODUCT_NAME = "$(TARGET_NAME)";
				SWIFT_VERSION = 5.0;
				TARGETED_DEVICE_FAMILY = "1,2";
			};
			name = Release;
		};
		F881F292275F61F800CED5D9 /* Debug */ = {
			isa = XCBuildConfiguration;
			buildSettings = {
				CLANG_ENABLE_MODULES = YES;
				CODE_SIGN_STYLE = Automatic;
				COMBINE_HIDPI_IMAGES = YES;
				CURRENT_PROJECT_VERSION = 1;
				DEFINES_MODULE = YES;
				DYLIB_COMPATIBILITY_VERSION = 1;
				DYLIB_CURRENT_VERSION = 1;
				DYLIB_INSTALL_NAME_BASE = "@rpath";
				INFOPLIST_FILE = DrinkService/Info.plist;
				INSTALL_PATH = "$(LOCAL_LIBRARY_DIR)/Frameworks";
				LD_RUNPATH_SEARCH_PATHS = (
					"$(inherited)",
					"@executable_path/../Frameworks",
					"@loader_path/Frameworks",
				);
				MACH_O_TYPE = staticlib;
				MACOSX_DEPLOYMENT_TARGET = 11.3;
				PRODUCT_BUNDLE_IDENTIFIER = com.manbehindnickname.DrinkService;
				PRODUCT_NAME = "$(TARGET_NAME:c99extidentifier)";
				SDKROOT = macosx;
				SKIP_INSTALL = YES;
				SUPPORTED_PLATFORMS = "iphonesimulator iphoneos macosx";
				SWIFT_OPTIMIZATION_LEVEL = "-Onone";
				SWIFT_VERSION = 5.0;
				VERSIONING_SYSTEM = "apple-generic";
				VERSION_INFO_PREFIX = "";
			};
			name = Debug;
		};
		F881F293275F61F800CED5D9 /* Release */ = {
			isa = XCBuildConfiguration;
			buildSettings = {
				CLANG_ENABLE_MODULES = YES;
				CODE_SIGN_STYLE = Automatic;
				COMBINE_HIDPI_IMAGES = YES;
				CURRENT_PROJECT_VERSION = 1;
				DEFINES_MODULE = YES;
				DYLIB_COMPATIBILITY_VERSION = 1;
				DYLIB_CURRENT_VERSION = 1;
				DYLIB_INSTALL_NAME_BASE = "@rpath";
				INFOPLIST_FILE = DrinkService/Info.plist;
				INSTALL_PATH = "$(LOCAL_LIBRARY_DIR)/Frameworks";
				LD_RUNPATH_SEARCH_PATHS = (
					"$(inherited)",
					"@executable_path/../Frameworks",
					"@loader_path/Frameworks",
				);
				MACH_O_TYPE = staticlib;
				MACOSX_DEPLOYMENT_TARGET = 11.3;
				PRODUCT_BUNDLE_IDENTIFIER = com.manbehindnickname.DrinkService;
				PRODUCT_NAME = "$(TARGET_NAME:c99extidentifier)";
				SDKROOT = macosx;
				SKIP_INSTALL = YES;
				SUPPORTED_PLATFORMS = "iphonesimulator iphoneos macosx";
				SWIFT_VERSION = 5.0;
				VERSIONING_SYSTEM = "apple-generic";
				VERSION_INFO_PREFIX = "";
			};
			name = Release;
		};
/* End XCBuildConfiguration section */

/* Begin XCConfigurationList section */
		F839494E275DFE5B00E810E4 /* Build configuration list for PBXProject "DarkRoastedBeans" */ = {
			isa = XCConfigurationList;
			buildConfigurations = (
				F8394965275DFE5C00E810E4 /* Debug */,
				F8394966275DFE5C00E810E4 /* Release */,
			);
			defaultConfigurationIsVisible = 0;
			defaultConfigurationName = Release;
		};
		F8394967275DFE5C00E810E4 /* Build configuration list for PBXNativeTarget "DarkRoastedBeans" */ = {
			isa = XCConfigurationList;
			buildConfigurations = (
				F8394968275DFE5C00E810E4 /* Debug */,
				F8394969275DFE5C00E810E4 /* Release */,
			);
			defaultConfigurationIsVisible = 0;
			defaultConfigurationName = Release;
		};
		F881F294275F61F800CED5D9 /* Build configuration list for PBXNativeTarget "DrinkService" */ = {
			isa = XCConfigurationList;
			buildConfigurations = (
				F881F292275F61F800CED5D9 /* Debug */,
				F881F293275F61F800CED5D9 /* Release */,
			);
			defaultConfigurationIsVisible = 0;
			defaultConfigurationName = Release;
		};
/* End XCConfigurationList section */
	};
	rootObject = F839494B275DFE5B00E810E4 /* Project object */;
}
